// !$*UTF8*$!
{
	archiveVersion = 1;
	classes = {
	};
	objectVersion = 56;
	objects = {

/* Begin PBXBuildFile section */
		8B021FB02C2E477400E124E3 /* ViewController.swift in Sources */ = {isa = PBXBuildFile; fileRef = 8B021FAF2C2E477400E124E3 /* ViewController.swift */; };
		8B021FB52C2E740A00E124E3 /* CustomTagViewCell.swift in Sources */ = {isa = PBXBuildFile; fileRef = 8B021FB42C2E740A00E124E3 /* CustomTagViewCell.swift */; };
		8B1BD3432C2E970D00B3C4AD /* FooterTabView.xib in Resources */ = {isa = PBXBuildFile; fileRef = 8B1BD3422C2E970D00B3C4AD /* FooterTabView.xib */; };
		8B4B7FF22C2A58C70030797C /* AppDelegate.swift in Sources */ = {isa = PBXBuildFile; fileRef = 8B4B7FF12C2A58C70030797C /* AppDelegate.swift */; };
		8B4B7FF42C2A58C70030797C /* SceneDelegate.swift in Sources */ = {isa = PBXBuildFile; fileRef = 8B4B7FF32C2A58C70030797C /* SceneDelegate.swift */; };
		8B4B7FF92C2A58C70030797C /* Main.storyboard in Resources */ = {isa = PBXBuildFile; fileRef = 8B4B7FF72C2A58C70030797C /* Main.storyboard */; };
		8B4B7FFB2C2A58C80030797C /* Assets.xcassets in Resources */ = {isa = PBXBuildFile; fileRef = 8B4B7FFA2C2A58C80030797C /* Assets.xcassets */; };
		8B4B7FFE2C2A58C80030797C /* LaunchScreen.storyboard in Resources */ = {isa = PBXBuildFile; fileRef = 8B4B7FFC2C2A58C80030797C /* LaunchScreen.storyboard */; };
		8B4B80062C2A78220030797C /* HomeCollectionViewController.swift in Sources */ = {isa = PBXBuildFile; fileRef = 8B4B80052C2A78220030797C /* HomeCollectionViewController.swift */; };
		8B4B800A2C2A7F7F0030797C /* CustomLayout.swift in Sources */ = {isa = PBXBuildFile; fileRef = 8B4B80092C2A7F7F0030797C /* CustomLayout.swift */; };
		8B4B800C2C2A85DE0030797C /* CustomCollectionViewCell.swift in Sources */ = {isa = PBXBuildFile; fileRef = 8B4B800B2C2A85DE0030797C /* CustomCollectionViewCell.swift */; };
		8B4B800E2C2A8D0F0030797C /* DetailViewController.swift in Sources */ = {isa = PBXBuildFile; fileRef = 8B4B800D2C2A8D0F0030797C /* DetailViewController.swift */; };
		8B4B80102C2A8D9B0030797C /* ShowPictureViewController.swift in Sources */ = {isa = PBXBuildFile; fileRef = 8B4B800F2C2A8D9B0030797C /* ShowPictureViewController.swift */; };
		8B7DE3BF2C32693C0053668D /* UnsplashImage.swift in Sources */ = {isa = PBXBuildFile; fileRef = 8B7DE3BE2C32693C0053668D /* UnsplashImage.swift */; };
		8B7DE3C12C32768B0053668D /* TagViewController.swift in Sources */ = {isa = PBXBuildFile; fileRef = 8B7DE3C02C32768B0053668D /* TagViewController.swift */; };
		8B8771352C338F3300AC452C /* UnsplashService.swift in Sources */ = {isa = PBXBuildFile; fileRef = 8B8771342C338F3300AC452C /* UnsplashService.swift */; };
		8B8771372C33936200AC452C /* ImageCell.swift in Sources */ = {isa = PBXBuildFile; fileRef = 8B8771362C33936200AC452C /* ImageCell.swift */; };
		8BC4C2C42C323C760012FF90 /* FooterTabView.swift in Sources */ = {isa = PBXBuildFile; fileRef = 8BC4C2C32C323C760012FF90 /* FooterTabView.swift */; };
		8BEE7EC02C34E3F000D0CD39 /* AppViewController.swift in Sources */ = {isa = PBXBuildFile; fileRef = 8BEE7EBF2C34E3F000D0CD39 /* AppViewController.swift */; };
/* End PBXBuildFile section */

/* Begin PBXFileReference section */
		8B021FAF2C2E477400E124E3 /* ViewController.swift */ = {isa = PBXFileReference; lastKnownFileType = sourcecode.swift; path = ViewController.swift; sourceTree = "<group>"; };
		8B021FB42C2E740A00E124E3 /* CustomTagViewCell.swift */ = {isa = PBXFileReference; lastKnownFileType = sourcecode.swift; path = CustomTagViewCell.swift; sourceTree = "<group>"; };
		8B1BD3422C2E970D00B3C4AD /* FooterTabView.xib */ = {isa = PBXFileReference; lastKnownFileType = file.xib; path = FooterTabView.xib; sourceTree = "<group>"; };
		8B4B7FEE2C2A58C70030797C /* WallpaperApp.app */ = {isa = PBXFileReference; explicitFileType = wrapper.application; includeInIndex = 0; path = WallpaperApp.app; sourceTree = BUILT_PRODUCTS_DIR; };
		8B4B7FF12C2A58C70030797C /* AppDelegate.swift */ = {isa = PBXFileReference; lastKnownFileType = sourcecode.swift; path = AppDelegate.swift; sourceTree = "<group>"; };
		8B4B7FF32C2A58C70030797C /* SceneDelegate.swift */ = {isa = PBXFileReference; lastKnownFileType = sourcecode.swift; path = SceneDelegate.swift; sourceTree = "<group>"; };
		8B4B7FF82C2A58C70030797C /* Base */ = {isa = PBXFileReference; lastKnownFileType = file.storyboard; name = Base; path = Base.lproj/Main.storyboard; sourceTree = "<group>"; };
		8B4B7FFA2C2A58C80030797C /* Assets.xcassets */ = {isa = PBXFileReference; lastKnownFileType = folder.assetcatalog; path = Assets.xcassets; sourceTree = "<group>"; };
		8B4B7FFD2C2A58C80030797C /* Base */ = {isa = PBXFileReference; lastKnownFileType = file.storyboard; name = Base; path = Base.lproj/LaunchScreen.storyboard; sourceTree = "<group>"; };
		8B4B7FFF2C2A58C80030797C /* Info.plist */ = {isa = PBXFileReference; lastKnownFileType = text.plist.xml; path = Info.plist; sourceTree = "<group>"; };
		8B4B80052C2A78220030797C /* HomeCollectionViewController.swift */ = {isa = PBXFileReference; lastKnownFileType = sourcecode.swift; path = HomeCollectionViewController.swift; sourceTree = "<group>"; };
		8B4B80092C2A7F7F0030797C /* CustomLayout.swift */ = {isa = PBXFileReference; lastKnownFileType = sourcecode.swift; path = CustomLayout.swift; sourceTree = "<group>"; };
		8B4B800B2C2A85DE0030797C /* CustomCollectionViewCell.swift */ = {isa = PBXFileReference; lastKnownFileType = sourcecode.swift; path = CustomCollectionViewCell.swift; sourceTree = "<group>"; };
		8B4B800D2C2A8D0F0030797C /* DetailViewController.swift */ = {isa = PBXFileReference; lastKnownFileType = sourcecode.swift; path = DetailViewController.swift; sourceTree = "<group>"; };
		8B4B800F2C2A8D9B0030797C /* ShowPictureViewController.swift */ = {isa = PBXFileReference; lastKnownFileType = sourcecode.swift; path = ShowPictureViewController.swift; sourceTree = "<group>"; };
		8B7DE3BE2C32693C0053668D /* UnsplashImage.swift */ = {isa = PBXFileReference; lastKnownFileType = sourcecode.swift; path = UnsplashImage.swift; sourceTree = "<group>"; };
		8B7DE3C02C32768B0053668D /* TagViewController.swift */ = {isa = PBXFileReference; lastKnownFileType = sourcecode.swift; path = TagViewController.swift; sourceTree = "<group>"; };
		8B8771342C338F3300AC452C /* UnsplashService.swift */ = {isa = PBXFileReference; lastKnownFileType = sourcecode.swift; path = UnsplashService.swift; sourceTree = "<group>"; };
		8B8771362C33936200AC452C /* ImageCell.swift */ = {isa = PBXFileReference; lastKnownFileType = sourcecode.swift; path = ImageCell.swift; sourceTree = "<group>"; };
		8BC4C2C32C323C760012FF90 /* FooterTabView.swift */ = {isa = PBXFileReference; lastKnownFileType = sourcecode.swift; path = FooterTabView.swift; sourceTree = "<group>"; };
		8BEE7EBF2C34E3F000D0CD39 /* AppViewController.swift */ = {isa = PBXFileReference; lastKnownFileType = sourcecode.swift; path = AppViewController.swift; sourceTree = "<group>"; };
/* End PBXFileReference section */

/* Begin PBXFrameworksBuildPhase section */
		8B4B7FEB2C2A58C70030797C /* Frameworks */ = {
			isa = PBXFrameworksBuildPhase;
			buildActionMask = 2147483647;
			files = (
			);
			runOnlyForDeploymentPostprocessing = 0;
		};
/* End PBXFrameworksBuildPhase section */

/* Begin PBXGroup section */
		8B021FB12C2E47BE00E124E3 /* Controller */ = {
			isa = PBXGroup;
			children = (
				8B021FAF2C2E477400E124E3 /* ViewController.swift */,
				8B4B800D2C2A8D0F0030797C /* DetailViewController.swift */,
				8B4B800F2C2A8D9B0030797C /* ShowPictureViewController.swift */,
				8B4B80052C2A78220030797C /* HomeCollectionViewController.swift */,
				8B7DE3C02C32768B0053668D /* TagViewController.swift */,
				8BEE7EBF2C34E3F000D0CD39 /* AppViewController.swift */,
			);
			path = Controller;
			sourceTree = "<group>";
		};
		8B4B7FE52C2A58C70030797C = {
			isa = PBXGroup;
			children = (
				8B4B7FF02C2A58C70030797C /* WallpaperApp */,
				8B4B7FEF2C2A58C70030797C /* Products */,
			);
			sourceTree = "<group>";
		};
		8B4B7FEF2C2A58C70030797C /* Products */ = {
			isa = PBXGroup;
			children = (
				8B4B7FEE2C2A58C70030797C /* WallpaperApp.app */,
			);
			name = Products;
			sourceTree = "<group>";
		};
		8B4B7FF02C2A58C70030797C /* WallpaperApp */ = {
			isa = PBXGroup;
			children = (
				8B4B7FF12C2A58C70030797C /* AppDelegate.swift */,
				8B4B7FF32C2A58C70030797C /* SceneDelegate.swift */,
				8BEE7EC22C34E94700D0CD39 /* Model */,
				8B021FB12C2E47BE00E124E3 /* Controller */,
				8BEE7EC12C34E8EB00D0CD39 /* FooterTab */,
				8B4B7FF72C2A58C70030797C /* Main.storyboard */,
				8B4B7FFC2C2A58C80030797C /* LaunchScreen.storyboard */,
				8B4B7FFA2C2A58C80030797C /* Assets.xcassets */,
				8B4B7FFF2C2A58C80030797C /* Info.plist */,
			);
			path = WallpaperApp;
			sourceTree = "<group>";
		};
		8BEE7EC12C34E8EB00D0CD39 /* FooterTab */ = {
			isa = PBXGroup;
			children = (
				8BC4C2C32C323C760012FF90 /* FooterTabView.swift */,
				8B1BD3422C2E970D00B3C4AD /* FooterTabView.xib */,
			);
			path = FooterTab;
			sourceTree = "<group>";
		};
		8BEE7EC22C34E94700D0CD39 /* Model */ = {
			isa = PBXGroup;
			children = (
				8B4B800B2C2A85DE0030797C /* CustomCollectionViewCell.swift */,
				8B4B80092C2A7F7F0030797C /* CustomLayout.swift */,
				8B7DE3BE2C32693C0053668D /* UnsplashImage.swift */,
				8B021FB42C2E740A00E124E3 /* CustomTagViewCell.swift */,
				8B8771362C33936200AC452C /* ImageCell.swift */,
				8B8771342C338F3300AC452C /* UnsplashService.swift */,
			);
			path = Model;
			sourceTree = "<group>";
		};
/* End PBXGroup section */

/* Begin PBXNativeTarget section */
		8B4B7FED2C2A58C70030797C /* WallpaperApp */ = {
			isa = PBXNativeTarget;
			buildConfigurationList = 8B4B80022C2A58C80030797C /* Build configuration list for PBXNativeTarget "WallpaperApp" */;
			buildPhases = (
				8B4B7FEA2C2A58C70030797C /* Sources */,
				8B4B7FEB2C2A58C70030797C /* Frameworks */,
				8B4B7FEC2C2A58C70030797C /* Resources */,
			);
			buildRules = (
			);
			dependencies = (
			);
			name = WallpaperApp;
			productName = WallpaperApp;
			productReference = 8B4B7FEE2C2A58C70030797C /* WallpaperApp.app */;
			productType = "com.apple.product-type.application";
		};
/* End PBXNativeTarget section */

/* Begin PBXProject section */
		8B4B7FE62C2A58C70030797C /* Project object */ = {
			isa = PBXProject;
			attributes = {
				BuildIndependentTargetsInParallel = 1;
				LastSwiftUpdateCheck = 1430;
				LastUpgradeCheck = 1430;
				TargetAttributes = {
					8B4B7FED2C2A58C70030797C = {
						CreatedOnToolsVersion = 14.3.1;
					};
				};
			};
			buildConfigurationList = 8B4B7FE92C2A58C70030797C /* Build configuration list for PBXProject "WallpaperApp" */;
			compatibilityVersion = "Xcode 14.0";
			developmentRegion = en;
			hasScannedForEncodings = 0;
			knownRegions = (
				en,
				Base,
			);
			mainGroup = 8B4B7FE52C2A58C70030797C;
			productRefGroup = 8B4B7FEF2C2A58C70030797C /* Products */;
			projectDirPath = "";
			projectRoot = "";
			targets = (
				8B4B7FED2C2A58C70030797C /* WallpaperApp */,
			);
		};
/* End PBXProject section */

/* Begin PBXResourcesBuildPhase section */
		8B4B7FEC2C2A58C70030797C /* Resources */ = {
			isa = PBXResourcesBuildPhase;
			buildActionMask = 2147483647;
			files = (
				8B4B7FFE2C2A58C80030797C /* LaunchScreen.storyboard in Resources */,
				8B4B7FFB2C2A58C80030797C /* Assets.xcassets in Resources */,
				8B4B7FF92C2A58C70030797C /* Main.storyboard in Resources */,
				8B1BD3432C2E970D00B3C4AD /* FooterTabView.xib in Resources */,
			);
			runOnlyForDeploymentPostprocessing = 0;
		};
/* End PBXResourcesBuildPhase section */

/* Begin PBXSourcesBuildPhase section */
		8B4B7FEA2C2A58C70030797C /* Sources */ = {
			isa = PBXSourcesBuildPhase;
			buildActionMask = 2147483647;
			files = (
				8BEE7EC02C34E3F000D0CD39 /* AppViewController.swift in Sources */,
				8B4B800A2C2A7F7F0030797C /* CustomLayout.swift in Sources */,
				8B8771352C338F3300AC452C /* UnsplashService.swift in Sources */,
				8B4B800C2C2A85DE0030797C /* CustomCollectionViewCell.swift in Sources */,
				8B021FB52C2E740A00E124E3 /* CustomTagViewCell.swift in Sources */,
				8B021FB02C2E477400E124E3 /* ViewController.swift in Sources */,
				8B7DE3C12C32768B0053668D /* TagViewController.swift in Sources */,
				8B4B80062C2A78220030797C /* HomeCollectionViewController.swift in Sources */,
				8B4B7FF22C2A58C70030797C /* AppDelegate.swift in Sources */,
				8BC4C2C42C323C760012FF90 /* FooterTabView.swift in Sources */,
				8B4B7FF42C2A58C70030797C /* SceneDelegate.swift in Sources */,
				8B7DE3BF2C32693C0053668D /* UnsplashImage.swift in Sources */,
				8B4B80102C2A8D9B0030797C /* ShowPictureViewController.swift in Sources */,
				8B4B800E2C2A8D0F0030797C /* DetailViewController.swift in Sources */,
				8B8771372C33936200AC452C /* ImageCell.swift in Sources */,
			);
			runOnlyForDeploymentPostprocessing = 0;
		};
/* End PBXSourcesBuildPhase section */

/* Begin PBXVariantGroup section */
		8B4B7FF72C2A58C70030797C /* Main.storyboard */ = {
			isa = PBXVariantGroup;
			children = (
				8B4B7FF82C2A58C70030797C /* Base */,
			);
			name = Main.storyboard;
			sourceTree = "<group>";
		};
		8B4B7FFC2C2A58C80030797C /* LaunchScreen.storyboard */ = {
			isa = PBXVariantGroup;
			children = (
				8B4B7FFD2C2A58C80030797C /* Base */,
			);
			name = LaunchScreen.storyboard;
			sourceTree = "<group>";
		};
/* End PBXVariantGroup section */

/* Begin XCBuildConfiguration section */
		8B4B80002C2A58C80030797C /* Debug */ = {
			isa = XCBuildConfiguration;
			buildSettings = {
				ALWAYS_SEARCH_USER_PATHS = NO;
				CLANG_ANALYZER_NONNULL = YES;
				CLANG_ANALYZER_NUMBER_OBJECT_CONVERSION = YES_AGGRESSIVE;
				CLANG_CXX_LANGUAGE_STANDARD = "gnu++20";
				CLANG_ENABLE_MODULES = YES;
				CLANG_ENABLE_OBJC_ARC = YES;
				CLANG_ENABLE_OBJC_WEAK = YES;
				CLANG_WARN_BLOCK_CAPTURE_AUTORELEASING = YES;
				CLANG_WARN_BOOL_CONVERSION = YES;
				CLANG_WARN_COMMA = YES;
				CLANG_WARN_CONSTANT_CONVERSION = YES;
				CLANG_WARN_DEPRECATED_OBJC_IMPLEMENTATIONS = YES;
				CLANG_WARN_DIRECT_OBJC_ISA_USAGE = YES_ERROR;
				CLANG_WARN_DOCUMENTATION_COMMENTS = YES;
				CLANG_WARN_EMPTY_BODY = YES;
				CLANG_WARN_ENUM_CONVERSION = YES;
				CLANG_WARN_INFINITE_RECURSION = YES;
				CLANG_WARN_INT_CONVERSION = YES;
				CLANG_WARN_NON_LITERAL_NULL_CONVERSION = YES;
				CLANG_WARN_OBJC_IMPLICIT_RETAIN_SELF = YES;
				CLANG_WARN_OBJC_LITERAL_CONVERSION = YES;
				CLANG_WARN_OBJC_ROOT_CLASS = YES_ERROR;
				CLANG_WARN_QUOTED_INCLUDE_IN_FRAMEWORK_HEADER = YES;
				CLANG_WARN_RANGE_LOOP_ANALYSIS = YES;
				CLANG_WARN_STRICT_PROTOTYPES = YES;
				CLANG_WARN_SUSPICIOUS_MOVE = YES;
				CLANG_WARN_UNGUARDED_AVAILABILITY = YES_AGGRESSIVE;
				CLANG_WARN_UNREACHABLE_CODE = YES;
				CLANG_WARN__DUPLICATE_METHOD_MATCH = YES;
				COPY_PHASE_STRIP = NO;
				DEBUG_INFORMATION_FORMAT = dwarf;
				ENABLE_STRICT_OBJC_MSGSEND = YES;
				ENABLE_TESTABILITY = YES;
				GCC_C_LANGUAGE_STANDARD = gnu11;
				GCC_DYNAMIC_NO_PIC = NO;
				GCC_NO_COMMON_BLOCKS = YES;
				GCC_OPTIMIZATION_LEVEL = 0;
				GCC_PREPROCESSOR_DEFINITIONS = (
					"DEBUG=1",
					"$(inherited)",
				);
				GCC_WARN_64_TO_32_BIT_CONVERSION = YES;
				GCC_WARN_ABOUT_RETURN_TYPE = YES_ERROR;
				GCC_WARN_UNDECLARED_SELECTOR = YES;
				GCC_WARN_UNINITIALIZED_AUTOS = YES_AGGRESSIVE;
				GCC_WARN_UNUSED_FUNCTION = YES;
				GCC_WARN_UNUSED_VARIABLE = YES;
				IPHONEOS_DEPLOYMENT_TARGET = 16.4;
				MTL_ENABLE_DEBUG_INFO = INCLUDE_SOURCE;
				MTL_FAST_MATH = YES;
				ONLY_ACTIVE_ARCH = YES;
				SDKROOT = iphoneos;
				SWIFT_ACTIVE_COMPILATION_CONDITIONS = DEBUG;
				SWIFT_OPTIMIZATION_LEVEL = "-Onone";
			};
			name = Debug;
		};
		8B4B80012C2A58C80030797C /* Release */ = {
			isa = XCBuildConfiguration;
			buildSettings = {
				ALWAYS_SEARCH_USER_PATHS = NO;
				CLANG_ANALYZER_NONNULL = YES;
				CLANG_ANALYZER_NUMBER_OBJECT_CONVERSION = YES_AGGRESSIVE;
				CLANG_CXX_LANGUAGE_STANDARD = "gnu++20";
				CLANG_ENABLE_MODULES = YES;
				CLANG_ENABLE_OBJC_ARC = YES;
				CLANG_ENABLE_OBJC_WEAK = YES;
				CLANG_WARN_BLOCK_CAPTURE_AUTORELEASING = YES;
				CLANG_WARN_BOOL_CONVERSION = YES;
				CLANG_WARN_COMMA = YES;
				CLANG_WARN_CONSTANT_CONVERSION = YES;
				CLANG_WARN_DEPRECATED_OBJC_IMPLEMENTATIONS = YES;
				CLANG_WARN_DIRECT_OBJC_ISA_USAGE = YES_ERROR;
				CLANG_WARN_DOCUMENTATION_COMMENTS = YES;
				CLANG_WARN_EMPTY_BODY = YES;
				CLANG_WARN_ENUM_CONVERSION = YES;
				CLANG_WARN_INFINITE_RECURSION = YES;
				CLANG_WARN_INT_CONVERSION = YES;
				CLANG_WARN_NON_LITERAL_NULL_CONVERSION = YES;
				CLANG_WARN_OBJC_IMPLICIT_RETAIN_SELF = YES;
				CLANG_WARN_OBJC_LITERAL_CONVERSION = YES;
				CLANG_WARN_OBJC_ROOT_CLASS = YES_ERROR;
				CLANG_WARN_QUOTED_INCLUDE_IN_FRAMEWORK_HEADER = YES;
				CLANG_WARN_RANGE_LOOP_ANALYSIS = YES;
				CLANG_WARN_STRICT_PROTOTYPES = YES;
				CLANG_WARN_SUSPICIOUS_MOVE = YES;
				CLANG_WARN_UNGUARDED_AVAILABILITY = YES_AGGRESSIVE;
				CLANG_WARN_UNREACHABLE_CODE = YES;
				CLANG_WARN__DUPLICATE_METHOD_MATCH = YES;
				COPY_PHASE_STRIP = NO;
				DEBUG_INFORMATION_FORMAT = "dwarf-with-dsym";
				ENABLE_NS_ASSERTIONS = NO;
				ENABLE_STRICT_OBJC_MSGSEND = YES;
				GCC_C_LANGUAGE_STANDARD = gnu11;
				GCC_NO_COMMON_BLOCKS = YES;
				GCC_WARN_64_TO_32_BIT_CONVERSION = YES;
				GCC_WARN_ABOUT_RETURN_TYPE = YES_ERROR;
				GCC_WARN_UNDECLARED_SELECTOR = YES;
				GCC_WARN_UNINITIALIZED_AUTOS = YES_AGGRESSIVE;
				GCC_WARN_UNUSED_FUNCTION = YES;
				GCC_WARN_UNUSED_VARIABLE = YES;
				IPHONEOS_DEPLOYMENT_TARGET = 16.4;
				MTL_ENABLE_DEBUG_INFO = NO;
				MTL_FAST_MATH = YES;
				SDKROOT = iphoneos;
				SWIFT_COMPILATION_MODE = wholemodule;
				SWIFT_OPTIMIZATION_LEVEL = "-O";
				VALIDATE_PRODUCT = YES;
			};
			name = Release;
		};
		8B4B80032C2A58C80030797C /* Debug */ = {
			isa = XCBuildConfiguration;
			buildSettings = {
				ASSETCATALOG_COMPILER_APPICON_NAME = AppIcon;
				ASSETCATALOG_COMPILER_GLOBAL_ACCENT_COLOR_NAME = AccentColor;
				CODE_SIGN_STYLE = Automatic;
				CURRENT_PROJECT_VERSION = 1;
				"EXCLUDED_ARCHS[sdk=iphoneos*]" = x86_64;
				GENERATE_INFOPLIST_FILE = YES;
				INFOPLIST_FILE = WallpaperApp/Info.plist;
				INFOPLIST_KEY_UIApplicationSupportsIndirectInputEvents = YES;
				INFOPLIST_KEY_UILaunchStoryboardName = LaunchScreen;
				INFOPLIST_KEY_UIMainStoryboardFile = Main;
				INFOPLIST_KEY_UISupportedInterfaceOrientations_iPad = "UIInterfaceOrientationPortrait UIInterfaceOrientationPortraitUpsideDown UIInterfaceOrientationLandscapeLeft UIInterfaceOrientationLandscapeRight";
				INFOPLIST_KEY_UISupportedInterfaceOrientations_iPhone = "UIInterfaceOrientationPortrait UIInterfaceOrientationLandscapeLeft UIInterfaceOrientationLandscapeRight";
				LD_RUNPATH_SEARCH_PATHS = (
					"$(inherited)",
					"@executable_path/Frameworks",
				);
				MARKETING_VERSION = 1.0;
				PRODUCT_BUNDLE_IDENTIFIER = "Obayashi-Azusa.WallpaperApp";
				PRODUCT_NAME = "$(TARGET_NAME)";
				SWIFT_EMIT_LOC_STRINGS = YES;
				SWIFT_VERSION = 5.0;
				TARGETED_DEVICE_FAMILY = "1,2";
			};
			name = Debug;
		};
		8B4B80042C2A58C80030797C /* Release */ = {
			isa = XCBuildConfiguration;
			buildSettings = {
				ASSETCATALOG_COMPILER_APPICON_NAME = AppIcon;
				ASSETCATALOG_COMPILER_GLOBAL_ACCENT_COLOR_NAME = AccentColor;
				CODE_SIGN_STYLE = Automatic;
				CURRENT_PROJECT_VERSION = 1;
				GENERATE_INFOPLIST_FILE = YES;
				INFOPLIST_FILE = WallpaperApp/Info.plist;
				INFOPLIST_KEY_UIApplicationSupportsIndirectInputEvents = YES;
				INFOPLIST_KEY_UILaunchStoryboardName = LaunchScreen;
				INFOPLIST_KEY_UIMainStoryboardFile = Main;
				INFOPLIST_KEY_UISupportedInterfaceOrientations_iPad = "UIInterfaceOrientationPortrait UIInterfaceOrientationPortraitUpsideDown UIInterfaceOrientationLandscapeLeft UIInterfaceOrientationLandscapeRight";
				INFOPLIST_KEY_UISupportedInterfaceOrientations_iPhone = "UIInterfaceOrientationPortrait UIInterfaceOrientationLandscapeLeft UIInterfaceOrientationLandscapeRight";
				LD_RUNPATH_SEARCH_PATHS = (
					"$(inherited)",
					"@executable_path/Frameworks",
				);
				MARKETING_VERSION = 1.0;
				PRODUCT_BUNDLE_IDENTIFIER = "Obayashi-Azusa.WallpaperApp";
				PRODUCT_NAME = "$(TARGET_NAME)";
				SWIFT_EMIT_LOC_STRINGS = YES;
				SWIFT_VERSION = 5.0;
				TARGETED_DEVICE_FAMILY = "1,2";
			};
			name = Release;
		};
/* End XCBuildConfiguration section */

/* Begin XCConfigurationList section */
		8B4B7FE92C2A58C70030797C /* Build configuration list for PBXProject "WallpaperApp" */ = {
			isa = XCConfigurationList;
			buildConfigurations = (
				8B4B80002C2A58C80030797C /* Debug */,
				8B4B80012C2A58C80030797C /* Release */,
			);
			defaultConfigurationIsVisible = 0;
			defaultConfigurationName = Release;
		};
		8B4B80022C2A58C80030797C /* Build configuration list for PBXNativeTarget "WallpaperApp" */ = {
			isa = XCConfigurationList;
			buildConfigurations = (
				8B4B80032C2A58C80030797C /* Debug */,
				8B4B80042C2A58C80030797C /* Release */,
			);
			defaultConfigurationIsVisible = 0;
			defaultConfigurationName = Release;
		};
/* End XCConfigurationList section */
	};
	rootObject = 8B4B7FE62C2A58C70030797C /* Project object */;
}
